
Microsoft Visual Studio Solution File, Format Version 10.00
# Visual Studio 2008
Project("{8BC9CEB8-8B4A-11D0-8D11-00A0C91BC942}") = "Hamming Codes", "Hamming Codes\Hamming Codes.vcproj", "{D2A39F9E-C9BD-4C98-A7BB-7A41C4EF1ED3}"
EndProject
Global
	GlobalSection(SolutionConfigurationPlatforms) = preSolution
		Debug|Win32 = Debug|Win32
		Release|Win32 = Release|Win32
	EndGlobalSection
	GlobalSection(ProjectConfigurationPlatforms) = postSolution
		{D2A39F9E-C9BD-4C98-A7BB-7A41C4EF1ED3}.Debug|Win32.ActiveCfg = Debug|Win32
		{D2A39F9E-C9BD-4C98-A7BB-7A41C4EF1ED3}.Debug|Win32.Build.0 = Debug|Win32
		{D2A39F9E-C9BD-4C98-A7BB-7A41C4EF1ED3}.Release|Win32.ActiveCfg = Release|Win32
		{D2A39F9E-C9BD-4C98-A7BB-7A41C4EF1ED3}.Release|Win32.Build.0 = Release|Win32
	EndGlobalSection
	GlobalSection(SolutionProperties) = preSolution
		HideSolutionNode = FALSE
	EndGlobalSection
EndGlobal
