
Microsoft Visual Studio Solution File, Format Version 10.00
# Visual Studio 2008
Project("{8BC9CEB8-8B4A-11D0-8D11-00A0C91BC942}") = "Dual Palindromes", "Dual Palindromes\Dual Palindromes.vcproj", "{33C9B59F-C43F-44A1-B98A-1D021BB5A0DB}"
EndProject
Global
	GlobalSection(SolutionConfigurationPlatforms) = preSolution
		Debug|Win32 = Debug|Win32
		Release|Win32 = Release|Win32
	EndGlobalSection
	GlobalSection(ProjectConfigurationPlatforms) = postSolution
		{33C9B59F-C43F-44A1-B98A-1D021BB5A0DB}.Debug|Win32.ActiveCfg = Debug|Win32
		{33C9B59F-C43F-44A1-B98A-1D021BB5A0DB}.Debug|Win32.Build.0 = Debug|Win32
		{33C9B59F-C43F-44A1-B98A-1D021BB5A0DB}.Release|Win32.ActiveCfg = Release|Win32
		{33C9B59F-C43F-44A1-B98A-1D021BB5A0DB}.Release|Win32.Build.0 = Release|Win32
	EndGlobalSection
	GlobalSection(SolutionProperties) = preSolution
		HideSolutionNode = FALSE
	EndGlobalSection
EndGlobal
