
Microsoft Visual Studio Solution File, Format Version 10.00
# Visual Studio 2008
Project("{8BC9CEB8-8B4A-11D0-8D11-00A0C91BC942}") = "The Castle", "The Castle\The Castle.vcproj", "{7E3D87D2-8BEC-4AFA-8C06-F7927463794D}"
EndProject
Global
	GlobalSection(SolutionConfigurationPlatforms) = preSolution
		Debug|Win32 = Debug|Win32
		Release|Win32 = Release|Win32
	EndGlobalSection
	GlobalSection(ProjectConfigurationPlatforms) = postSolution
		{7E3D87D2-8BEC-4AFA-8C06-F7927463794D}.Debug|Win32.ActiveCfg = Debug|Win32
		{7E3D87D2-8BEC-4AFA-8C06-F7927463794D}.Debug|Win32.Build.0 = Debug|Win32
		{7E3D87D2-8BEC-4AFA-8C06-F7927463794D}.Release|Win32.ActiveCfg = Release|Win32
		{7E3D87D2-8BEC-4AFA-8C06-F7927463794D}.Release|Win32.Build.0 = Release|Win32
	EndGlobalSection
	GlobalSection(SolutionProperties) = preSolution
		HideSolutionNode = FALSE
	EndGlobalSection
EndGlobal
