
Microsoft Visual Studio Solution File, Format Version 10.00
# Visual Studio 2008
Project("{8BC9CEB8-8B4A-11D0-8D11-00A0C91BC942}") = "Mother's Milk", "Mother's Milk\Mother's Milk.vcproj", "{B9378F10-CEAE-428F-A687-D7761115AD2C}"
EndProject
Global
	GlobalSection(SolutionConfigurationPlatforms) = preSolution
		Debug|Win32 = Debug|Win32
		Release|Win32 = Release|Win32
	EndGlobalSection
	GlobalSection(ProjectConfigurationPlatforms) = postSolution
		{B9378F10-CEAE-428F-A687-D7761115AD2C}.Debug|Win32.ActiveCfg = Debug|Win32
		{B9378F10-CEAE-428F-A687-D7761115AD2C}.Debug|Win32.Build.0 = Debug|Win32
		{B9378F10-CEAE-428F-A687-D7761115AD2C}.Release|Win32.ActiveCfg = Release|Win32
		{B9378F10-CEAE-428F-A687-D7761115AD2C}.Release|Win32.Build.0 = Release|Win32
	EndGlobalSection
	GlobalSection(SolutionProperties) = preSolution
		HideSolutionNode = FALSE
	EndGlobalSection
EndGlobal
