
Microsoft Visual Studio Solution File, Format Version 10.00
# Visual Studio 2008
Project("{8BC9CEB8-8B4A-11D0-8D11-00A0C91BC942}") = "Mixing Milk", "Mixing Milk\Mixing Milk.vcproj", "{5641E202-A4EE-455C-832F-A1F14F4FC6FC}"
EndProject
Global
	GlobalSection(SolutionConfigurationPlatforms) = preSolution
		Debug|Win32 = Debug|Win32
		Release|Win32 = Release|Win32
	EndGlobalSection
	GlobalSection(ProjectConfigurationPlatforms) = postSolution
		{5641E202-A4EE-455C-832F-A1F14F4FC6FC}.Debug|Win32.ActiveCfg = Debug|Win32
		{5641E202-A4EE-455C-832F-A1F14F4FC6FC}.Debug|Win32.Build.0 = Debug|Win32
		{5641E202-A4EE-455C-832F-A1F14F4FC6FC}.Release|Win32.ActiveCfg = Release|Win32
		{5641E202-A4EE-455C-832F-A1F14F4FC6FC}.Release|Win32.Build.0 = Release|Win32
	EndGlobalSection
	GlobalSection(SolutionProperties) = preSolution
		HideSolutionNode = FALSE
	EndGlobalSection
EndGlobal
