
Microsoft Visual Studio Solution File, Format Version 10.00
# Visual Studio 2008
Project("{8BC9CEB8-8B4A-11D0-8D11-00A0C91BC942}") = "Your Ride Is Here", "Your Ride Is Here\Your Ride Is Here.vcproj", "{EE98A09D-9B05-4587-B9ED-FCAAEE76FF78}"
EndProject
Global
	GlobalSection(SolutionConfigurationPlatforms) = preSolution
		Debug|Win32 = Debug|Win32
		Release|Win32 = Release|Win32
	EndGlobalSection
	GlobalSection(ProjectConfigurationPlatforms) = postSolution
		{EE98A09D-9B05-4587-B9ED-FCAAEE76FF78}.Debug|Win32.ActiveCfg = Debug|Win32
		{EE98A09D-9B05-4587-B9ED-FCAAEE76FF78}.Debug|Win32.Build.0 = Debug|Win32
		{EE98A09D-9B05-4587-B9ED-FCAAEE76FF78}.Release|Win32.ActiveCfg = Release|Win32
		{EE98A09D-9B05-4587-B9ED-FCAAEE76FF78}.Release|Win32.Build.0 = Release|Win32
	EndGlobalSection
	GlobalSection(SolutionProperties) = preSolution
		HideSolutionNode = FALSE
	EndGlobalSection
EndGlobal
