
Microsoft Visual Studio Solution File, Format Version 10.00
# Visual Studio 2008
Project("{8BC9CEB8-8B4A-11D0-8D11-00A0C91BC942}") = "Ordered Fractions", "Ordered Fractions\Ordered Fractions.vcproj", "{A8127453-CEA7-459E-966C-E26CB791DBEF}"
EndProject
Global
	GlobalSection(SolutionConfigurationPlatforms) = preSolution
		Debug|Win32 = Debug|Win32
		Release|Win32 = Release|Win32
	EndGlobalSection
	GlobalSection(ProjectConfigurationPlatforms) = postSolution
		{A8127453-CEA7-459E-966C-E26CB791DBEF}.Debug|Win32.ActiveCfg = Debug|Win32
		{A8127453-CEA7-459E-966C-E26CB791DBEF}.Debug|Win32.Build.0 = Debug|Win32
		{A8127453-CEA7-459E-966C-E26CB791DBEF}.Release|Win32.ActiveCfg = Release|Win32
		{A8127453-CEA7-459E-966C-E26CB791DBEF}.Release|Win32.Build.0 = Release|Win32
	EndGlobalSection
	GlobalSection(SolutionProperties) = preSolution
		HideSolutionNode = FALSE
	EndGlobalSection
EndGlobal
