
Microsoft Visual Studio Solution File, Format Version 10.00
# Visual Studio 2008
Project("{8BC9CEB8-8B4A-11D0-8D11-00A0C91BC942}") = "Healthy Holsteins", "Healthy Holsteins\Healthy Holsteins.vcproj", "{52D27E47-DCD0-408E-A53A-D56DD7B9A423}"
EndProject
Global
	GlobalSection(SolutionConfigurationPlatforms) = preSolution
		Debug|Win32 = Debug|Win32
		Release|Win32 = Release|Win32
	EndGlobalSection
	GlobalSection(ProjectConfigurationPlatforms) = postSolution
		{52D27E47-DCD0-408E-A53A-D56DD7B9A423}.Debug|Win32.ActiveCfg = Debug|Win32
		{52D27E47-DCD0-408E-A53A-D56DD7B9A423}.Debug|Win32.Build.0 = Debug|Win32
		{52D27E47-DCD0-408E-A53A-D56DD7B9A423}.Release|Win32.ActiveCfg = Release|Win32
		{52D27E47-DCD0-408E-A53A-D56DD7B9A423}.Release|Win32.Build.0 = Release|Win32
	EndGlobalSection
	GlobalSection(SolutionProperties) = preSolution
		HideSolutionNode = FALSE
	EndGlobalSection
EndGlobal
